
Microsoft Visual Studio Solution File, Format Version 12.00
# Visual Studio Version 17
VisualStudioVersion = 17.13.35828.75 d17.13
MinimumVisualStudioVersion = 10.0.40219.1
Project("{FAE04EC0-301F-11D3-BF4B-00C04F79EFBC}") = "QueryNetworkDatasetRESTSOE", "QueryNetworkDatasetRESTSOE\QueryNetworkDatasetRESTSOE.csproj", "{1C40D367-695C-4474-9C50-1E4855E4FF92}"
EndProject
Global
	GlobalSection(SolutionConfigurationPlatforms) = preSolution
		Debug|Any CPU = Debug|Any CPU
		Release|Any CPU = Release|Any CPU
	EndGlobalSection
	GlobalSection(ProjectConfigurationPlatforms) = postSolution
		{1C40D367-695C-4474-9C50-1E4855E4FF92}.Debug|Any CPU.ActiveCfg = Debug|Any CPU
		{1C40D367-695C-4474-9C50-1E4855E4FF92}.Debug|Any CPU.Build.0 = Debug|Any CPU
		{1C40D367-695C-4474-9C50-1E4855E4FF92}.Release|Any CPU.ActiveCfg = Release|Any CPU
		{1C40D367-695C-4474-9C50-1E4855E4FF92}.Release|Any CPU.Build.0 = Release|Any CPU
	EndGlobalSection
	GlobalSection(SolutionProperties) = preSolution
		HideSolutionNode = FALSE
	EndGlobalSection
	GlobalSection(ExtensibilityGlobals) = postSolution
		SolutionGuid = {F3109D1A-CCFE-4611-80B4-9BA58A11A8E6}
	EndGlobalSection
EndGlobal
