
Microsoft Visual Studio Solution File, Format Version 12.00
# Visual Studio Version 17
VisualStudioVersion = 17.13.35828.75 d17.13
MinimumVisualStudioVersion = 10.0.40219.1
Project("{FAE04EC0-301F-11D3-BF4B-00C04F79EFBC}") = "GetRasterStatisticsSOE", "GetRasterStatisticsSOE.csproj", "{6EFA8129-0ADF-8E9C-37ED-077712750F15}"
EndProject
Global
	GlobalSection(SolutionConfigurationPlatforms) = preSolution
		Debug|Any CPU = Debug|Any CPU
		Release|Any CPU = Release|Any CPU
	EndGlobalSection
	GlobalSection(ProjectConfigurationPlatforms) = postSolution
		{6EFA8129-0ADF-8E9C-37ED-077712750F15}.Debug|Any CPU.ActiveCfg = Debug|Any CPU
		{6EFA8129-0ADF-8E9C-37ED-077712750F15}.Debug|Any CPU.Build.0 = Debug|Any CPU
		{6EFA8129-0ADF-8E9C-37ED-077712750F15}.Release|Any CPU.ActiveCfg = Release|Any CPU
		{6EFA8129-0ADF-8E9C-37ED-077712750F15}.Release|Any CPU.Build.0 = Release|Any CPU
	EndGlobalSection
	GlobalSection(SolutionProperties) = preSolution
		HideSolutionNode = FALSE
	EndGlobalSection
	GlobalSection(ExtensibilityGlobals) = postSolution
		SolutionGuid = {02AC820E-829A-4AA4-A371-A532BDA23826}
	EndGlobalSection
EndGlobal
