
Microsoft Visual Studio Solution File, Format Version 12.00
# Visual Studio Version 16
VisualStudioVersion = 16.0.29326.143
MinimumVisualStudioVersion = 10.0.40219.1
Project("{FAE04EC0-301F-11D3-BF4B-00C04F79EFBC}") = "SpatialRestrictionSOI", "SpatialRestrictionSOI.csproj", "{B71A4FD2-5B82-4A19-8B3B-1D11389C151B}"
EndProject
Global
	GlobalSection(SolutionConfigurationPlatforms) = preSolution
		Debug|Any CPU = Debug|Any CPU
		Release|Any CPU = Release|Any CPU
	EndGlobalSection
	GlobalSection(ProjectConfigurationPlatforms) = postSolution
		{B71A4FD2-5B82-4A19-8B3B-1D11389C151B}.Debug|Any CPU.ActiveCfg = Debug|Any CPU
		{B71A4FD2-5B82-4A19-8B3B-1D11389C151B}.Debug|Any CPU.Build.0 = Debug|Any CPU
		{B71A4FD2-5B82-4A19-8B3B-1D11389C151B}.Release|Any CPU.ActiveCfg = Release|Any CPU
		{B71A4FD2-5B82-4A19-8B3B-1D11389C151B}.Release|Any CPU.Build.0 = Release|Any CPU
	EndGlobalSection
	GlobalSection(SolutionProperties) = preSolution
		HideSolutionNode = FALSE
	EndGlobalSection
	GlobalSection(ExtensibilityGlobals) = postSolution
		SolutionGuid = {C9C31B62-B557-4915-90C5-B7D7AD97437A}
	EndGlobalSection
EndGlobal
