
Microsoft Visual Studio Solution File, Format Version 12.00
# Visual Studio Version 17
VisualStudioVersion = 17.1.32319.34
MinimumVisualStudioVersion = 10.0.40219.1
Project("{9A19103F-16F7-4668-BE54-9A1E7A4F7556}") = "AccessUtilityNetworkDatasetProperties", "AccessUtilityNetworkDatasetProperties.csproj", "{9544E4EE-4B18-4C51-A1F1-1E5825EDBF13}"
EndProject
Global
	GlobalSection(SolutionConfigurationPlatforms) = preSolution
		Debug|Any CPU = Debug|Any CPU
		Release|Any CPU = Release|Any CPU
	EndGlobalSection
	GlobalSection(ProjectConfigurationPlatforms) = postSolution
		{9544E4EE-4B18-4C51-A1F1-1E5825EDBF13}.Debug|Any CPU.ActiveCfg = Debug|Any CPU
		{9544E4EE-4B18-4C51-A1F1-1E5825EDBF13}.Debug|Any CPU.Build.0 = Debug|Any CPU
		{9544E4EE-4B18-4C51-A1F1-1E5825EDBF13}.Release|Any CPU.ActiveCfg = Release|Any CPU
		{9544E4EE-4B18-4C51-A1F1-1E5825EDBF13}.Release|Any CPU.Build.0 = Release|Any CPU
	EndGlobalSection
	GlobalSection(SolutionProperties) = preSolution
		HideSolutionNode = FALSE
	EndGlobalSection
	GlobalSection(ExtensibilityGlobals) = postSolution
		SolutionGuid = {983675C5-AA49-47F1-BA67-74259017C895}
	EndGlobalSection
EndGlobal
