
Microsoft Visual Studio Solution File, Format Version 12.00
# Visual Studio Version 17
VisualStudioVersion = 17.13.35828.75 d17.13
MinimumVisualStudioVersion = 10.0.40219.1
Project("{FAE04EC0-301F-11D3-BF4B-00C04F79EFBC}") = "NetUNEditAreasSOI", "NetUNEditAreasSOI\NetUNEditAreasSOI.csproj", "{94E53EE2-984D-47B9-8024-C6D4AC8A7EAC}"
EndProject
Global
	GlobalSection(SolutionConfigurationPlatforms) = preSolution
		Debug|Any CPU = Debug|Any CPU
		Release|Any CPU = Release|Any CPU
	EndGlobalSection
	GlobalSection(ProjectConfigurationPlatforms) = postSolution
		{94E53EE2-984D-47B9-8024-C6D4AC8A7EAC}.Debug|Any CPU.ActiveCfg = Debug|Any CPU
		{94E53EE2-984D-47B9-8024-C6D4AC8A7EAC}.Debug|Any CPU.Build.0 = Debug|Any CPU
		{94E53EE2-984D-47B9-8024-C6D4AC8A7EAC}.Release|Any CPU.ActiveCfg = Release|Any CPU
		{94E53EE2-984D-47B9-8024-C6D4AC8A7EAC}.Release|Any CPU.Build.0 = Release|Any CPU
	EndGlobalSection
	GlobalSection(SolutionProperties) = preSolution
		HideSolutionNode = FALSE
	EndGlobalSection
	GlobalSection(ExtensibilityGlobals) = postSolution
		SolutionGuid = {3BCB0AB7-38DB-45F7-951D-E5946A8755E5}
	EndGlobalSection
EndGlobal
