
Microsoft Visual Studio Solution File, Format Version 12.00
# Visual Studio Version 17
VisualStudioVersion = 17.1.32319.34
MinimumVisualStudioVersion = 10.0.40219.1
Project("{9A19103F-16F7-4668-BE54-9A1E7A4F7556}") = "TopologyRESTSOE", "TopologyRESTSOE.csproj", "{4CE37D24-9C17-4D85-905A-1400E1B3651A}"
EndProject
Global
	GlobalSection(SolutionConfigurationPlatforms) = preSolution
		Debug|Any CPU = Debug|Any CPU
		Debug|x64 = Debug|x64
		Release|Any CPU = Release|Any CPU
		Release|x64 = Release|x64
	EndGlobalSection
	GlobalSection(ProjectConfigurationPlatforms) = postSolution
		{4CE37D24-9C17-4D85-905A-1400E1B3651A}.Debug|Any CPU.ActiveCfg = Debug|Any CPU
		{4CE37D24-9C17-4D85-905A-1400E1B3651A}.Debug|Any CPU.Build.0 = Debug|Any CPU
		{4CE37D24-9C17-4D85-905A-1400E1B3651A}.Debug|x64.ActiveCfg = Debug|Any CPU
		{4CE37D24-9C17-4D85-905A-1400E1B3651A}.Debug|x64.Build.0 = Debug|Any CPU
		{4CE37D24-9C17-4D85-905A-1400E1B3651A}.Release|Any CPU.ActiveCfg = Release|Any CPU
		{4CE37D24-9C17-4D85-905A-1400E1B3651A}.Release|Any CPU.Build.0 = Release|Any CPU
		{4CE37D24-9C17-4D85-905A-1400E1B3651A}.Release|x64.ActiveCfg = Release|x64
		{4CE37D24-9C17-4D85-905A-1400E1B3651A}.Release|x64.Build.0 = Release|x64
	EndGlobalSection
	GlobalSection(SolutionProperties) = preSolution
		HideSolutionNode = FALSE
	EndGlobalSection
	GlobalSection(ExtensibilityGlobals) = postSolution
		SolutionGuid = {3205A06D-1ECE-4803-A3EE-BD0FAACC9268}
	EndGlobalSection
EndGlobal
