
Microsoft Visual Studio Solution File, Format Version 12.00
# Visual Studio Version 17
VisualStudioVersion = 17.1.32319.34
MinimumVisualStudioVersion = 10.0.40219.1
Project("{9A19103F-16F7-4668-BE54-9A1E7A4F7556}") = "NetUNTracingRESTSOE", "NetUNTracingRESTSOE.csproj", "{F52E2605-C111-4BCD-9417-92A93CDEAFA4}"
EndProject
Global
	GlobalSection(SolutionConfigurationPlatforms) = preSolution
		Debug|Any CPU = Debug|Any CPU
		Release|Any CPU = Release|Any CPU
	EndGlobalSection
	GlobalSection(ProjectConfigurationPlatforms) = postSolution
		{F52E2605-C111-4BCD-9417-92A93CDEAFA4}.Debug|Any CPU.ActiveCfg = Debug|Any CPU
		{F52E2605-C111-4BCD-9417-92A93CDEAFA4}.Debug|Any CPU.Build.0 = Debug|Any CPU
		{F52E2605-C111-4BCD-9417-92A93CDEAFA4}.Release|Any CPU.ActiveCfg = Release|Any CPU
		{F52E2605-C111-4BCD-9417-92A93CDEAFA4}.Release|Any CPU.Build.0 = Release|Any CPU
	EndGlobalSection
	GlobalSection(SolutionProperties) = preSolution
		HideSolutionNode = FALSE
	EndGlobalSection
	GlobalSection(ExtensibilityGlobals) = postSolution
		SolutionGuid = {E66A0622-1226-49C2-AD01-F84DFB493E71}
	EndGlobalSection
EndGlobal
